
Microsoft Visual Studio Solution File, Format Version 12.00
# Visual Studio 2012
Project("{FAE04EC0-301F-11D3-BF4B-00C04F79EFBC}") = "Paladyne.Angularjs.Web", "Paladyne.Angularjs.Web\Paladyne.Angularjs.Web.csproj", "{29E5D5DC-14A0-4FE8-A8EE-DBDB31D661C5}"
EndProject
Project("{FAE04EC0-301F-11D3-BF4B-00C04F79EFBC}") = "Paladyne.Angularjs.DAL", "Paladyne.Angularjs.DAL\Paladyne.Angularjs.DAL.csproj", "{62F6E899-A6A6-4014-9BF1-B5034C08A1FC}"
EndProject
Project("{FAE04EC0-301F-11D3-BF4B-00C04F79EFBC}") = "Paladyne.Angularjs.BL", "Paladyne.Angularjs.BL\Paladyne.Angularjs.BL.csproj", "{22E04412-D724-4444-A3CD-F256CDEE153F}"
EndProject
Project("{FAE04EC0-301F-11D3-BF4B-00C04F79EFBC}") = "Paladyne.Angularjs.DAL.Tests", "Paladyne.Angularjs.DAL.Tests\Paladyne.Angularjs.DAL.Tests.csproj", "{BE94D3FD-EEE8-46D8-A830-4B23B63A38F2}"
EndProject
Project("{FAE04EC0-301F-11D3-BF4B-00C04F79EFBC}") = "Paladyne.Angularjs.BL.Tests", "Paladyne.Angularjs.BL.Tests\Paladyne.Angularjs.BL.Tests.csproj", "{EA8FC565-7CE5-4558-8310-06DD4EC48775}"
EndProject
Project("{FAE04EC0-301F-11D3-BF4B-00C04F79EFBC}") = "Paladyne.Angularjs.Web.Tests", "Paladyne.Angularjs.Web.Tests\Paladyne.Angularjs.Web.Tests.csproj", "{2EE97971-FA69-47BA-B598-342CB79306E2}"
EndProject
Project("{2150E333-8FDC-42A3-9474-1A3956D46DE8}") = ".nuget", ".nuget", "{D25DFFF4-94B3-46FA-8C85-9FF1A197A93A}"
	ProjectSection(SolutionItems) = preProject
		.nuget\packages.config = .nuget\packages.config
	EndProjectSection
EndProject
Global
	GlobalSection(SolutionConfigurationPlatforms) = preSolution
		Debug|Any CPU = Debug|Any CPU
		Release|Any CPU = Release|Any CPU
	EndGlobalSection
	GlobalSection(ProjectConfigurationPlatforms) = postSolution
		{29E5D5DC-14A0-4FE8-A8EE-DBDB31D661C5}.Debug|Any CPU.ActiveCfg = Debug|Any CPU
		{29E5D5DC-14A0-4FE8-A8EE-DBDB31D661C5}.Debug|Any CPU.Build.0 = Debug|Any CPU
		{29E5D5DC-14A0-4FE8-A8EE-DBDB31D661C5}.Release|Any CPU.ActiveCfg = Release|Any CPU
		{29E5D5DC-14A0-4FE8-A8EE-DBDB31D661C5}.Release|Any CPU.Build.0 = Release|Any CPU
		{62F6E899-A6A6-4014-9BF1-B5034C08A1FC}.Debug|Any CPU.ActiveCfg = Debug|Any CPU
		{62F6E899-A6A6-4014-9BF1-B5034C08A1FC}.Debug|Any CPU.Build.0 = Debug|Any CPU
		{62F6E899-A6A6-4014-9BF1-B5034C08A1FC}.Release|Any CPU.ActiveCfg = Release|Any CPU
		{62F6E899-A6A6-4014-9BF1-B5034C08A1FC}.Release|Any CPU.Build.0 = Release|Any CPU
		{22E04412-D724-4444-A3CD-F256CDEE153F}.Debug|Any CPU.ActiveCfg = Debug|Any CPU
		{22E04412-D724-4444-A3CD-F256CDEE153F}.Debug|Any CPU.Build.0 = Debug|Any CPU
		{22E04412-D724-4444-A3CD-F256CDEE153F}.Release|Any CPU.ActiveCfg = Release|Any CPU
		{22E04412-D724-4444-A3CD-F256CDEE153F}.Release|Any CPU.Build.0 = Release|Any CPU
		{BE94D3FD-EEE8-46D8-A830-4B23B63A38F2}.Debug|Any CPU.ActiveCfg = Debug|Any CPU
		{BE94D3FD-EEE8-46D8-A830-4B23B63A38F2}.Debug|Any CPU.Build.0 = Debug|Any CPU
		{BE94D3FD-EEE8-46D8-A830-4B23B63A38F2}.Release|Any CPU.ActiveCfg = Release|Any CPU
		{BE94D3FD-EEE8-46D8-A830-4B23B63A38F2}.Release|Any CPU.Build.0 = Release|Any CPU
		{EA8FC565-7CE5-4558-8310-06DD4EC48775}.Debug|Any CPU.ActiveCfg = Debug|Any CPU
		{EA8FC565-7CE5-4558-8310-06DD4EC48775}.Debug|Any CPU.Build.0 = Debug|Any CPU
		{EA8FC565-7CE5-4558-8310-06DD4EC48775}.Release|Any CPU.ActiveCfg = Release|Any CPU
		{EA8FC565-7CE5-4558-8310-06DD4EC48775}.Release|Any CPU.Build.0 = Release|Any CPU
		{2EE97971-FA69-47BA-B598-342CB79306E2}.Debug|Any CPU.ActiveCfg = Debug|Any CPU
		{2EE97971-FA69-47BA-B598-342CB79306E2}.Debug|Any CPU.Build.0 = Debug|Any CPU
		{2EE97971-FA69-47BA-B598-342CB79306E2}.Release|Any CPU.ActiveCfg = Release|Any CPU
		{2EE97971-FA69-47BA-B598-342CB79306E2}.Release|Any CPU.Build.0 = Release|Any CPU
	EndGlobalSection
	GlobalSection(SolutionProperties) = preSolution
		HideSolutionNode = FALSE
	EndGlobalSection
EndGlobal
